
Microsoft Visual Studio Solution File, Format Version 12.00
# Visual Studio 15
VisualStudioVersion = 15.0.28307.960
MinimumVisualStudioVersion = 10.0.40219.1
Project("{FAE04EC0-301F-11D3-BF4B-00C04F79EFBC}") = "TestingActiveDirectoryaccess", "TestingActiveDirectoryaccess\TestingActiveDirectoryaccess.csproj", "{EF229DD3-3335-44C6-974B-E0814013010E}"
EndProject
Global
	GlobalSection(SolutionConfigurationPlatforms) = preSolution
		Debug|Any CPU = Debug|Any CPU
		Release|Any CPU = Release|Any CPU
	EndGlobalSection
	GlobalSection(ProjectConfigurationPlatforms) = postSolution
		{EF229DD3-3335-44C6-974B-E0814013010E}.Debug|Any CPU.ActiveCfg = Debug|Any CPU
		{EF229DD3-3335-44C6-974B-E0814013010E}.Debug|Any CPU.Build.0 = Debug|Any CPU
		{EF229DD3-3335-44C6-974B-E0814013010E}.Release|Any CPU.ActiveCfg = Release|Any CPU
		{EF229DD3-3335-44C6-974B-E0814013010E}.Release|Any CPU.Build.0 = Release|Any CPU
	EndGlobalSection
	GlobalSection(SolutionProperties) = preSolution
		HideSolutionNode = FALSE
	EndGlobalSection
	GlobalSection(ExtensibilityGlobals) = postSolution
		SolutionGuid = {EC2CDFBD-04A7-4D30-B16E-C182BFCABB02}
	EndGlobalSection
EndGlobal
